
Microsoft Visual Studio Solution File, Format Version 12.00
# Visual Studio Version 17
VisualStudioVersion = 17.8.34511.84
MinimumVisualStudioVersion = 10.0.40219.1
Project("{FAE04EC0-301F-11D3-BF4B-00C04F79EFBC}") = "aula-02-05", "aula-02-05\aula-02-05.csproj", "{0D78759F-2465-4BBB-9F87-B692089A0EEE}"
EndProject
Global
	GlobalSection(SolutionConfigurationPlatforms) = preSolution
		Debug|Any CPU = Debug|Any CPU
		Release|Any CPU = Release|Any CPU
	EndGlobalSection
	GlobalSection(ProjectConfigurationPlatforms) = postSolution
		{0D78759F-2465-4BBB-9F87-B692089A0EEE}.Debug|Any CPU.ActiveCfg = Debug|Any CPU
		{0D78759F-2465-4BBB-9F87-B692089A0EEE}.Debug|Any CPU.Build.0 = Debug|Any CPU
		{0D78759F-2465-4BBB-9F87-B692089A0EEE}.Release|Any CPU.ActiveCfg = Release|Any CPU
		{0D78759F-2465-4BBB-9F87-B692089A0EEE}.Release|Any CPU.Build.0 = Release|Any CPU
	EndGlobalSection
	GlobalSection(SolutionProperties) = preSolution
		HideSolutionNode = FALSE
	EndGlobalSection
	GlobalSection(ExtensibilityGlobals) = postSolution
		SolutionGuid = {2A3459D2-91E4-4C32-88DA-8C6D192DCBFE}
	EndGlobalSection
EndGlobal
